// !$*UTF8*$!
{
	archiveVersion = 1;
	classes = {
	};
	objectVersion = 45;
	objects = {

/* Begin PBXBuildFile section */
		0227EC08128ACDAE0053012B /* RPURLLoaderController.m in Sources */ = {isa = PBXBuildFile; fileRef = 0227EC07128ACDAE0053012B /* RPURLLoaderController.m */; };
		0227EC13128AF3A40053012B /* RPURLLoaderController.xib in Resources */ = {isa = PBXBuildFile; fileRef = 0227EC12128AF3A40053012B /* RPURLLoaderController.xib */; };
		025680F312831AF5000BF1DF /* RPApplicationDelegate.m in Sources */ = {isa = PBXBuildFile; fileRef = 025680F212831AF5000BF1DF /* RPApplicationDelegate.m */; };
		026DF5F3126EDB4E005466CF /* RPRubyTraceLogReader.m in Sources */ = {isa = PBXBuildFile; fileRef = 026DF5F2126EDB4E005466CF /* RPRubyTraceLogReader.m */; };
		02883BE4128F507F008E0AA4 /* RPOutlineView.m in Sources */ = {isa = PBXBuildFile; fileRef = 02883BE3128F507F008E0AA4 /* RPOutlineView.m */; };
		02883C51128F7256008E0AA4 /* WebViewController.xib in Resources */ = {isa = PBXBuildFile; fileRef = 02883C50128F7256008E0AA4 /* WebViewController.xib */; };
		02883C55128F74FC008E0AA4 /* RPWebViewController.m in Sources */ = {isa = PBXBuildFile; fileRef = 02883C54128F74FC008E0AA4 /* RPWebViewController.m */; };
		02883C5D128F7601008E0AA4 /* WebKit.framework in Frameworks */ = {isa = PBXBuildFile; fileRef = 02883C5C128F7601008E0AA4 /* WebKit.framework */; };
		02E1998612B12EDB00959845 /* RPTableHeaderView.m in Sources */ = {isa = PBXBuildFile; fileRef = 02E1998512B12EDB00959845 /* RPTableHeaderView.m */; };
		0628E06A1253952A00B9255B /* RPCallTree.m in Sources */ = {isa = PBXBuildFile; fileRef = 0628E0691253952A00B9255B /* RPCallTree.m */; };
		0628E06D125396DB00B9255B /* RPDTraceLogReader.m in Sources */ = {isa = PBXBuildFile; fileRef = 0628E06C125396DB00B9255B /* RPDTraceLogReader.m */; };
		0628E4BA125A361E00B9255B /* RPLogLine.m in Sources */ = {isa = PBXBuildFile; fileRef = 0628E4B9125A361E00B9255B /* RPLogLine.m */; };
		0677F80E134F257900107A56 /* RPApplication.m in Sources */ = {isa = PBXBuildFile; fileRef = 0677F80D134F257900107A56 /* RPApplication.m */; };
		1DDD582C0DA1D0D100B32029 /* MyDocument.xib in Resources */ = {isa = PBXBuildFile; fileRef = 1DDD58280DA1D0D100B32029 /* MyDocument.xib */; };
		1DDD582D0DA1D0D100B32029 /* MainMenu.xib in Resources */ = {isa = PBXBuildFile; fileRef = 1DDD582A0DA1D0D100B32029 /* MainMenu.xib */; };
		8D15AC2C0486D014006FF6A4 /* Credits.rtf in Resources */ = {isa = PBXBuildFile; fileRef = 2A37F4B9FDCFA73011CA2CEA /* Credits.rtf */; };
		8D15AC2F0486D014006FF6A4 /* InfoPlist.strings in Resources */ = {isa = PBXBuildFile; fileRef = 089C165FFE840EACC02AAC07 /* InfoPlist.strings */; };
		8D15AC310486D014006FF6A4 /* RPTraceDocument.m in Sources */ = {isa = PBXBuildFile; fileRef = 2A37F4ACFDCFA73011CA2CEA /* RPTraceDocument.m */; settings = {ATTRIBUTES = (); }; };
		8D15AC320486D014006FF6A4 /* main.m in Sources */ = {isa = PBXBuildFile; fileRef = 2A37F4B0FDCFA73011CA2CEA /* main.m */; settings = {ATTRIBUTES = (); }; };
		8D15AC340486D014006FF6A4 /* Cocoa.framework in Frameworks */ = {isa = PBXBuildFile; fileRef = 1058C7A7FEA54F5311CA2CBB /* Cocoa.framework */; };
/* End PBXBuildFile section */

/* Begin PBXFileReference section */
		0227EC06128ACDAE0053012B /* RPURLLoaderController.h */ = {isa = PBXFileReference; fileEncoding = 4; lastKnownFileType = sourcecode.c.h; path = RPURLLoaderController.h; sourceTree = "<group>"; };
		0227EC07128ACDAE0053012B /* RPURLLoaderController.m */ = {isa = PBXFileReference; fileEncoding = 4; lastKnownFileType = sourcecode.c.objc; path = RPURLLoaderController.m; sourceTree = "<group>"; };
		0227EC10128AF3A00053012B /* English */ = {isa = PBXFileReference; lastKnownFileType = file.xib; name = English; path = English.lproj/RPURLLoaderController.xib; sourceTree = "<group>"; };
		025680F112831AF5000BF1DF /* RPApplicationDelegate.h */ = {isa = PBXFileReference; fileEncoding = 4; lastKnownFileType = sourcecode.c.h; path = RPApplicationDelegate.h; sourceTree = "<group>"; };
		025680F212831AF5000BF1DF /* RPApplicationDelegate.m */ = {isa = PBXFileReference; fileEncoding = 4; lastKnownFileType = sourcecode.c.objc; path = RPApplicationDelegate.m; sourceTree = "<group>"; };
		026DF5F1126EDB4E005466CF /* RPRubyTraceLogReader.h */ = {isa = PBXFileReference; fileEncoding = 4; lastKnownFileType = sourcecode.c.h; path = RPRubyTraceLogReader.h; sourceTree = "<group>"; };
		026DF5F2126EDB4E005466CF /* RPRubyTraceLogReader.m */ = {isa = PBXFileReference; fileEncoding = 4; lastKnownFileType = sourcecode.c.objc; path = RPRubyTraceLogReader.m; sourceTree = "<group>"; };
		02883BE2128F507F008E0AA4 /* RPOutlineView.h */ = {isa = PBXFileReference; fileEncoding = 4; lastKnownFileType = sourcecode.c.h; path = RPOutlineView.h; sourceTree = "<group>"; };
		02883BE3128F507F008E0AA4 /* RPOutlineView.m */ = {isa = PBXFileReference; fileEncoding = 4; lastKnownFileType = sourcecode.c.objc; path = RPOutlineView.m; sourceTree = "<group>"; };
		02883C4D128F724A008E0AA4 /* English */ = {isa = PBXFileReference; lastKnownFileType = file.xib; name = English; path = English.lproj/WebViewController.xib; sourceTree = "<group>"; };
		02883C53128F74FC008E0AA4 /* RPWebViewController.h */ = {isa = PBXFileReference; fileEncoding = 4; lastKnownFileType = sourcecode.c.h; path = RPWebViewController.h; sourceTree = "<group>"; };
		02883C54128F74FC008E0AA4 /* RPWebViewController.m */ = {isa = PBXFileReference; fileEncoding = 4; lastKnownFileType = sourcecode.c.objc; path = RPWebViewController.m; sourceTree = "<group>"; };
		02883C5C128F7601008E0AA4 /* WebKit.framework */ = {isa = PBXFileReference; lastKnownFileType = wrapper.framework; name = WebKit.framework; path = System/Library/Frameworks/WebKit.framework; sourceTree = SDKROOT; };
		02E1998412B12EDB00959845 /* RPTableHeaderView.h */ = {isa = PBXFileReference; fileEncoding = 4; lastKnownFileType = sourcecode.c.h; path = RPTableHeaderView.h; sourceTree = "<group>"; };
		02E1998512B12EDB00959845 /* RPTableHeaderView.m */ = {isa = PBXFileReference; fileEncoding = 4; lastKnownFileType = sourcecode.c.objc; path = RPTableHeaderView.m; sourceTree = "<group>"; };
		0628E0681253952900B9255B /* RPCallTree.h */ = {isa = PBXFileReference; fileEncoding = 4; lastKnownFileType = sourcecode.c.h; path = RPCallTree.h; sourceTree = "<group>"; };
		0628E0691253952A00B9255B /* RPCallTree.m */ = {isa = PBXFileReference; fileEncoding = 4; lastKnownFileType = sourcecode.c.objc; path = RPCallTree.m; sourceTree = "<group>"; };
		0628E06B125396DB00B9255B /* RPDTraceLogReader.h */ = {isa = PBXFileReference; fileEncoding = 4; lastKnownFileType = sourcecode.c.h; path = RPDTraceLogReader.h; sourceTree = "<group>"; };
		0628E06C125396DB00B9255B /* RPDTraceLogReader.m */ = {isa = PBXFileReference; fileEncoding = 4; lastKnownFileType = sourcecode.c.objc; path = RPDTraceLogReader.m; sourceTree = "<group>"; };
		0628E4B8125A361E00B9255B /* RPLogLine.h */ = {isa = PBXFileReference; fileEncoding = 4; lastKnownFileType = sourcecode.c.h; path = RPLogLine.h; sourceTree = "<group>"; };
		0628E4B9125A361E00B9255B /* RPLogLine.m */ = {isa = PBXFileReference; fileEncoding = 4; lastKnownFileType = sourcecode.c.objc; path = RPLogLine.m; sourceTree = "<group>"; };
		0677F80C134F257900107A56 /* RPApplication.h */ = {isa = PBXFileReference; fileEncoding = 4; lastKnownFileType = sourcecode.c.h; path = RPApplication.h; sourceTree = "<group>"; };
		0677F80D134F257900107A56 /* RPApplication.m */ = {isa = PBXFileReference; fileEncoding = 4; lastKnownFileType = sourcecode.c.objc; path = RPApplication.m; sourceTree = "<group>"; };
		089C1660FE840EACC02AAC07 /* English */ = {isa = PBXFileReference; fileEncoding = 4; lastKnownFileType = text.plist.strings; name = English; path = English.lproj/InfoPlist.strings; sourceTree = "<group>"; };
		1058C7A7FEA54F5311CA2CBB /* Cocoa.framework */ = {isa = PBXFileReference; lastKnownFileType = wrapper.framework; name = Cocoa.framework; path = /System/Library/Frameworks/Cocoa.framework; sourceTree = "<absolute>"; };
		13E42FBA07B3F13500E4EEF1 /* CoreData.framework */ = {isa = PBXFileReference; lastKnownFileType = wrapper.framework; name = CoreData.framework; path = /System/Library/Frameworks/CoreData.framework; sourceTree = "<absolute>"; };
		1DDD58290DA1D0D100B32029 /* English */ = {isa = PBXFileReference; lastKnownFileType = file.xib; name = English; path = English.lproj/MyDocument.xib; sourceTree = "<group>"; };
		1DDD582B0DA1D0D100B32029 /* English */ = {isa = PBXFileReference; lastKnownFileType = file.xib; name = English; path = English.lproj/MainMenu.xib; sourceTree = "<group>"; };
		2564AD2C0F5327BB00F57823 /* Rampler_Prefix.pch */ = {isa = PBXFileReference; fileEncoding = 4; lastKnownFileType = sourcecode.c.h; path = Rampler_Prefix.pch; sourceTree = "<group>"; };
		2A37F4ACFDCFA73011CA2CEA /* RPTraceDocument.m */ = {isa = PBXFileReference; fileEncoding = 4; lastKnownFileType = sourcecode.c.objc; path = RPTraceDocument.m; sourceTree = "<group>"; };
		2A37F4AEFDCFA73011CA2CEA /* RPTraceDocument.h */ = {isa = PBXFileReference; fileEncoding = 4; lastKnownFileType = sourcecode.c.h; path = RPTraceDocument.h; sourceTree = "<group>"; };
		2A37F4B0FDCFA73011CA2CEA /* main.m */ = {isa = PBXFileReference; fileEncoding = 4; lastKnownFileType = sourcecode.c.objc; path = main.m; sourceTree = "<group>"; };
		2A37F4BAFDCFA73011CA2CEA /* English */ = {isa = PBXFileReference; lastKnownFileType = text.rtf; name = English; path = English.lproj/Credits.rtf; sourceTree = "<group>"; };
		2A37F4C4FDCFA73011CA2CEA /* AppKit.framework */ = {isa = PBXFileReference; lastKnownFileType = wrapper.framework; name = AppKit.framework; path = /System/Library/Frameworks/AppKit.framework; sourceTree = "<absolute>"; };
		2A37F4C5FDCFA73011CA2CEA /* Foundation.framework */ = {isa = PBXFileReference; lastKnownFileType = wrapper.framework; name = Foundation.framework; path = /System/Library/Frameworks/Foundation.framework; sourceTree = "<absolute>"; };
		8D15AC360486D014006FF6A4 /* Rampler-Info.plist */ = {isa = PBXFileReference; fileEncoding = 4; lastKnownFileType = text.plist.xml; path = "Rampler-Info.plist"; sourceTree = "<group>"; };
		8D15AC370486D014006FF6A4 /* Rampler.app */ = {isa = PBXFileReference; explicitFileType = wrapper.application; includeInIndex = 0; path = Rampler.app; sourceTree = BUILT_PRODUCTS_DIR; };
/* End PBXFileReference section */

/* Begin PBXFrameworksBuildPhase section */
		8D15AC330486D014006FF6A4 /* Frameworks */ = {
			isa = PBXFrameworksBuildPhase;
			buildActionMask = 2147483647;
			files = (
				8D15AC340486D014006FF6A4 /* Cocoa.framework in Frameworks */,
				02883C5D128F7601008E0AA4 /* WebKit.framework in Frameworks */,
			);
			runOnlyForDeploymentPostprocessing = 0;
		};
/* End PBXFrameworksBuildPhase section */

/* Begin PBXGroup section */
		0278E017129132A000EB8C68 /* Log Reader */ = {
			isa = PBXGroup;
			children = (
				0628E4B8125A361E00B9255B /* RPLogLine.h */,
				0628E4B9125A361E00B9255B /* RPLogLine.m */,
				0628E06B125396DB00B9255B /* RPDTraceLogReader.h */,
				0628E06C125396DB00B9255B /* RPDTraceLogReader.m */,
				026DF5F1126EDB4E005466CF /* RPRubyTraceLogReader.h */,
				026DF5F2126EDB4E005466CF /* RPRubyTraceLogReader.m */,
			);
			name = "Log Reader";
			sourceTree = "<group>";
		};
		02E1998712B12EEA00959845 /* AppKit */ = {
			isa = PBXGroup;
			children = (
				02883BE2128F507F008E0AA4 /* RPOutlineView.h */,
				02883BE3128F507F008E0AA4 /* RPOutlineView.m */,
				02E1998412B12EDB00959845 /* RPTableHeaderView.h */,
				02E1998512B12EDB00959845 /* RPTableHeaderView.m */,
			);
			name = AppKit;
			sourceTree = "<group>";
		};
		1058C7A6FEA54F5311CA2CBB /* Linked Frameworks */ = {
			isa = PBXGroup;
			children = (
				1058C7A7FEA54F5311CA2CBB /* Cocoa.framework */,
			);
			name = "Linked Frameworks";
			sourceTree = "<group>";
		};
		1058C7A8FEA54F5311CA2CBB /* Other Frameworks */ = {
			isa = PBXGroup;
			children = (
				2A37F4C4FDCFA73011CA2CEA /* AppKit.framework */,
				13E42FBA07B3F13500E4EEF1 /* CoreData.framework */,
				2A37F4C5FDCFA73011CA2CEA /* Foundation.framework */,
				02883C5C128F7601008E0AA4 /* WebKit.framework */,
			);
			name = "Other Frameworks";
			sourceTree = "<group>";
		};
		19C28FB0FE9D524F11CA2CBB /* Products */ = {
			isa = PBXGroup;
			children = (
				8D15AC370486D014006FF6A4 /* Rampler.app */,
			);
			name = Products;
			sourceTree = "<group>";
		};
		2A37F4AAFDCFA73011CA2CEA /* Rampler */ = {
			isa = PBXGroup;
			children = (
				2A37F4ABFDCFA73011CA2CEA /* Classes */,
				2A37F4AFFDCFA73011CA2CEA /* Other Sources */,
				2A37F4B8FDCFA73011CA2CEA /* Resources */,
				2A37F4C3FDCFA73011CA2CEA /* Frameworks */,
				19C28FB0FE9D524F11CA2CBB /* Products */,
			);
			name = Rampler;
			sourceTree = "<group>";
		};
		2A37F4ABFDCFA73011CA2CEA /* Classes */ = {
			isa = PBXGroup;
			children = (
				2A37F4AEFDCFA73011CA2CEA /* RPTraceDocument.h */,
				2A37F4ACFDCFA73011CA2CEA /* RPTraceDocument.m */,
				0628E0681253952900B9255B /* RPCallTree.h */,
				0628E0691253952A00B9255B /* RPCallTree.m */,
				0278E017129132A000EB8C68 /* Log Reader */,
				025680F112831AF5000BF1DF /* RPApplicationDelegate.h */,
				025680F212831AF5000BF1DF /* RPApplicationDelegate.m */,
				0227EC06128ACDAE0053012B /* RPURLLoaderController.h */,
				0227EC07128ACDAE0053012B /* RPURLLoaderController.m */,
				02883C53128F74FC008E0AA4 /* RPWebViewController.h */,
				02883C54128F74FC008E0AA4 /* RPWebViewController.m */,
				02E1998712B12EEA00959845 /* AppKit */,
				0677F80C134F257900107A56 /* RPApplication.h */,
				0677F80D134F257900107A56 /* RPApplication.m */,
			);
			name = Classes;
			sourceTree = "<group>";
		};
		2A37F4AFFDCFA73011CA2CEA /* Other Sources */ = {
			isa = PBXGroup;
			children = (
				2564AD2C0F5327BB00F57823 /* Rampler_Prefix.pch */,
				2A37F4B0FDCFA73011CA2CEA /* main.m */,
			);
			name = "Other Sources";
			sourceTree = "<group>";
		};
		2A37F4B8FDCFA73011CA2CEA /* Resources */ = {
			isa = PBXGroup;
			children = (
				2A37F4B9FDCFA73011CA2CEA /* Credits.rtf */,
				8D15AC360486D014006FF6A4 /* Rampler-Info.plist */,
				089C165FFE840EACC02AAC07 /* InfoPlist.strings */,
				1DDD58280DA1D0D100B32029 /* MyDocument.xib */,
				1DDD582A0DA1D0D100B32029 /* MainMenu.xib */,
				0227EC12128AF3A40053012B /* RPURLLoaderController.xib */,
				02883C50128F7256008E0AA4 /* WebViewController.xib */,
			);
			name = Resources;
			sourceTree = "<group>";
		};
		2A37F4C3FDCFA73011CA2CEA /* Frameworks */ = {
			isa = PBXGroup;
			children = (
				1058C7A6FEA54F5311CA2CBB /* Linked Frameworks */,
				1058C7A8FEA54F5311CA2CBB /* Other Frameworks */,
			);
			name = Frameworks;
			sourceTree = "<group>";
		};
/* End PBXGroup section */

/* Begin PBXNativeTarget section */
		8D15AC270486D014006FF6A4 /* Rampler */ = {
			isa = PBXNativeTarget;
			buildConfigurationList = C05733C708A9546B00998B17 /* Build configuration list for PBXNativeTarget "Rampler" */;
			buildPhases = (
				8D15AC2B0486D014006FF6A4 /* Resources */,
				8D15AC300486D014006FF6A4 /* Sources */,
				8D15AC330486D014006FF6A4 /* Frameworks */,
			);
			buildRules = (
			);
			dependencies = (
			);
			name = Rampler;
			productInstallPath = "$(HOME)/Applications";
			productName = Rampler;
			productReference = 8D15AC370486D014006FF6A4 /* Rampler.app */;
			productType = "com.apple.product-type.application";
		};
/* End PBXNativeTarget section */

/* Begin PBXProject section */
		2A37F4A9FDCFA73011CA2CEA /* Project object */ = {
			isa = PBXProject;
			buildConfigurationList = C05733CB08A9546B00998B17 /* Build configuration list for PBXProject "Rampler" */;
			compatibilityVersion = "Xcode 3.1";
			developmentRegion = English;
			hasScannedForEncodings = 1;
			knownRegions = (
				English,
				Japanese,
				French,
				German,
			);
			mainGroup = 2A37F4AAFDCFA73011CA2CEA /* Rampler */;
			projectDirPath = "";
			projectRoot = "";
			targets = (
				8D15AC270486D014006FF6A4 /* Rampler */,
			);
		};
/* End PBXProject section */

/* Begin PBXResourcesBuildPhase section */
		8D15AC2B0486D014006FF6A4 /* Resources */ = {
			isa = PBXResourcesBuildPhase;
			buildActionMask = 2147483647;
			files = (
				8D15AC2C0486D014006FF6A4 /* Credits.rtf in Resources */,
				8D15AC2F0486D014006FF6A4 /* InfoPlist.strings in Resources */,
				1DDD582C0DA1D0D100B32029 /* MyDocument.xib in Resources */,
				1DDD582D0DA1D0D100B32029 /* MainMenu.xib in Resources */,
				0227EC13128AF3A40053012B /* RPURLLoaderController.xib in Resources */,
				02883C51128F7256008E0AA4 /* WebViewController.xib in Resources */,
			);
			runOnlyForDeploymentPostprocessing = 0;
		};
/* End PBXResourcesBuildPhase section */

/* Begin PBXSourcesBuildPhase section */
		8D15AC300486D014006FF6A4 /* Sources */ = {
			isa = PBXSourcesBuildPhase;
			buildActionMask = 2147483647;
			files = (
				8D15AC310486D014006FF6A4 /* RPTraceDocument.m in Sources */,
				8D15AC320486D014006FF6A4 /* main.m in Sources */,
				0628E06A1253952A00B9255B /* RPCallTree.m in Sources */,
				0628E06D125396DB00B9255B /* RPDTraceLogReader.m in Sources */,
				0628E4BA125A361E00B9255B /* RPLogLine.m in Sources */,
				026DF5F3126EDB4E005466CF /* RPRubyTraceLogReader.m in Sources */,
				025680F312831AF5000BF1DF /* RPApplicationDelegate.m in Sources */,
				0227EC08128ACDAE0053012B /* RPURLLoaderController.m in Sources */,
				02883BE4128F507F008E0AA4 /* RPOutlineView.m in Sources */,
				02883C55128F74FC008E0AA4 /* RPWebViewController.m in Sources */,
				02E1998612B12EDB00959845 /* RPTableHeaderView.m in Sources */,
				0677F80E134F257900107A56 /* RPApplication.m in Sources */,
			);
			runOnlyForDeploymentPostprocessing = 0;
		};
/* End PBXSourcesBuildPhase section */

/* Begin PBXVariantGroup section */
		0227EC12128AF3A40053012B /* RPURLLoaderController.xib */ = {
			isa = PBXVariantGroup;
			children = (
				0227EC10128AF3A00053012B /* English */,
			);
			name = RPURLLoaderController.xib;
			sourceTree = "<group>";
		};
		02883C50128F7256008E0AA4 /* WebViewController.xib */ = {
			isa = PBXVariantGroup;
			children = (
				02883C4D128F724A008E0AA4 /* English */,
			);
			name = WebViewController.xib;
			sourceTree = "<group>";
		};
		089C165FFE840EACC02AAC07 /* InfoPlist.strings */ = {
			isa = PBXVariantGroup;
			children = (
				089C1660FE840EACC02AAC07 /* English */,
			);
			name = InfoPlist.strings;
			sourceTree = "<group>";
		};
		1DDD58280DA1D0D100B32029 /* MyDocument.xib */ = {
			isa = PBXVariantGroup;
			children = (
				1DDD58290DA1D0D100B32029 /* English */,
			);
			name = MyDocument.xib;
			sourceTree = "<group>";
		};
		1DDD582A0DA1D0D100B32029 /* MainMenu.xib */ = {
			isa = PBXVariantGroup;
			children = (
				1DDD582B0DA1D0D100B32029 /* English */,
			);
			name = MainMenu.xib;
			sourceTree = "<group>";
		};
		2A37F4B9FDCFA73011CA2CEA /* Credits.rtf */ = {
			isa = PBXVariantGroup;
			children = (
				2A37F4BAFDCFA73011CA2CEA /* English */,
			);
			name = Credits.rtf;
			sourceTree = "<group>";
		};
/* End PBXVariantGroup section */

/* Begin XCBuildConfiguration section */
		C05733C808A9546B00998B17 /* Debug */ = {
			isa = XCBuildConfiguration;
			buildSettings = {
				ALWAYS_SEARCH_USER_PATHS = NO;
				COPY_PHASE_STRIP = NO;
				GCC_DYNAMIC_NO_PIC = NO;
				GCC_ENABLE_FIX_AND_CONTINUE = YES;
				GCC_MODEL_TUNING = G5;
				GCC_OPTIMIZATION_LEVEL = 0;
				GCC_PRECOMPILE_PREFIX_HEADER = YES;
				GCC_PREFIX_HEADER = Rampler_Prefix.pch;
				INFOPLIST_FILE = "Rampler-Info.plist";
				INSTALL_PATH = "$(HOME)/Applications";
				PRODUCT_NAME = Rampler;
			};
			name = Debug;
		};
		C05733C908A9546B00998B17 /* Release */ = {
			isa = XCBuildConfiguration;
			buildSettings = {
				ALWAYS_SEARCH_USER_PATHS = NO;
				DEBUG_INFORMATION_FORMAT = "dwarf-with-dsym";
				GCC_MODEL_TUNING = G5;
				GCC_PRECOMPILE_PREFIX_HEADER = YES;
				GCC_PREFIX_HEADER = Rampler_Prefix.pch;
				INFOPLIST_FILE = "Rampler-Info.plist";
				INSTALL_PATH = "$(HOME)/Applications";
				PRODUCT_NAME = Rampler;
			};
			name = Release;
		};
		C05733CC08A9546B00998B17 /* Debug */ = {
			isa = XCBuildConfiguration;
			buildSettings = {
				ARCHS = "$(ARCHS_STANDARD_32_64_BIT)";
				GCC_C_LANGUAGE_STANDARD = gnu99;
				GCC_OPTIMIZATION_LEVEL = 0;
				GCC_WARN_ABOUT_RETURN_TYPE = YES;
				GCC_WARN_UNUSED_VARIABLE = YES;
				ONLY_ACTIVE_ARCH = YES;
				PREBINDING = NO;
				SDKROOT = macosx10.6;
			};
			name = Debug;
		};
		C05733CD08A9546B00998B17 /* Release */ = {
			isa = XCBuildConfiguration;
			buildSettings = {
				ARCHS = "$(ARCHS_STANDARD_32_64_BIT)";
				GCC_C_LANGUAGE_STANDARD = gnu99;
				GCC_WARN_ABOUT_RETURN_TYPE = YES;
				GCC_WARN_UNUSED_VARIABLE = YES;
				PREBINDING = NO;
				SDKROOT = macosx10.6;
			};
			name = Release;
		};
/* End XCBuildConfiguration section */

/* Begin XCConfigurationList section */
		C05733C708A9546B00998B17 /* Build configuration list for PBXNativeTarget "Rampler" */ = {
			isa = XCConfigurationList;
			buildConfigurations = (
				C05733C808A9546B00998B17 /* Debug */,
				C05733C908A9546B00998B17 /* Release */,
			);
			defaultConfigurationIsVisible = 0;
			defaultConfigurationName = Release;
		};
		C05733CB08A9546B00998B17 /* Build configuration list for PBXProject "Rampler" */ = {
			isa = XCConfigurationList;
			buildConfigurations = (
				C05733CC08A9546B00998B17 /* Debug */,
				C05733CD08A9546B00998B17 /* Release */,
			);
			defaultConfigurationIsVisible = 0;
			defaultConfigurationName = Release;
		};
/* End XCConfigurationList section */
	};
	rootObject = 2A37F4A9FDCFA73011CA2CEA /* Project object */;
}
